# This file is generated by running "yarn install" inside your project.
# Manual changes might be lost - proceed with caution!

__metadata:
  version: 8
  cacheKey: 10c0

"@root/package@link:./package::locator=nested-test%40workspace%3A.":
  version: 0.0.0-use.local
  resolution: "@root/package@link:./package::locator=nested-test%40workspace%3A."
  languageName: node
  linkType: soft

"nested-test@workspace:.":
  version: 0.0.0-use.local
  resolution: "nested-test@workspace:."
  dependencies:
    "@root/package": "link:./package"
  languageName: unknown
  linkType: soft
